
Microsoft Visual Studio Solution File, Format Version 12.00
# Visual Studio Version 17
VisualStudioVersion = 17.7.34221.43
MinimumVisualStudioVersion = 10.0.40219.1
Project("{888888A0-9F3D-457C-B088-3A5042F75D52}") = "MS_Words", "MS_Words.pyproj", "{90EF6452-D3CE-4DD1-94B9-CAF9C2B7BFFC}"
EndProject
Global
	GlobalSection(SolutionConfigurationPlatforms) = preSolution
		Debug|Any CPU = Debug|Any CPU
		Release|Any CPU = Release|Any CPU
	EndGlobalSection
	GlobalSection(ProjectConfigurationPlatforms) = postSolution
		{90EF6452-D3CE-4DD1-94B9-CAF9C2B7BFFC}.Debug|Any CPU.ActiveCfg = Debug|Any CPU
		{90EF6452-D3CE-4DD1-94B9-CAF9C2B7BFFC}.Release|Any CPU.ActiveCfg = Release|Any CPU
	EndGlobalSection
	GlobalSection(SolutionProperties) = preSolution
		HideSolutionNode = FALSE
	EndGlobalSection
	GlobalSection(ExtensibilityGlobals) = postSolution
		SolutionGuid = {8AAB7AB9-08E5-4797-99A4-723D832FE44A}
	EndGlobalSection
EndGlobal
